{
  "version": 4,
  "terraform_version": "1.3.5",
  "serial": 2542,
  "lineage": "46bfa75c-da02-c5ad-466f-d3b03598207b",
  "outputs": {
    "aws_ec2_instance_ids": {
      "value": [
        "i-05bb11edcc7dac70b",
        "i-0246989373a4ac66e",
        "i-014395876533c436c",
        "i-0f25a6afd30e37f83",
        "i-06379fbb965416afd"
      ],
      "type": [
        "tuple",
        [
          "string",
          "string",
          "string",
          "string",
          "string"
        ]
      ]
    },
    "aws_ec2_instance_public_ips": {
      "value": [
        "3.239.26.187",
        "3.221.158.70",
        "44.192.87.106",
        "44.204.221.238",
        "3.227.243.115"
      ],
      "type": [
        "tuple",
        [
          "string",
          "string",
          "string",
          "string",
          "string"
        ]
      ]
    },
    "instance_id": {
      "value": "i-09ebf633edd09e26f",
      "type": "string"
    },
    "instance_public_ip": {
      "value": "44.201.11.121",
      "type": "string"
    }
  },
  "resources": [
    {
      "mode": "data",
      "type": "aws_ami",
      "name": "amazon_2",
      "provider": "provider[\"registry.terraform.io/hashicorp/aws\"]",
      "instances": [
        {
          "schema_version": 0,
          "attributes": {
            "architecture": "x86_64",
            "arn": "arn:aws:ec2:us-east-1::image/ami-0b0dcb5067f052a63",
            "block_device_mappings": [
              {
                "device_name": "/dev/xvda",
                "ebs": {
                  "delete_on_termination": "true",
                  "encrypted": "false",
                  "iops": "0",
                  "snapshot_id": "snap-0cc18315b85966d60",
                  "throughput": "0",
                  "volume_size": "8",
                  "volume_type": "gp2"
                },
                "no_device": "",
                "virtual_name": ""
              }
            ],
            "creation_date": "2022-11-14T23:11:49.000Z",
            "description": "Amazon Linux 2 Kernel 5.10 AMI 2.0.20221103.3 x86_64 HVM gp2",
            "ena_support": true,
            "executable_users": null,
            "filter": [
              {
                "name": "name",
                "values": [
                  "amzn2-ami-kernel-*-hvm-*-x86_64-gp2"
                ]
              }
            ],
            "hypervisor": "xen",
            "id": "ami-0b0dcb5067f052a63",
            "image_id": "ami-0b0dcb5067f052a63",
            "image_location": "amazon/amzn2-ami-kernel-5.10-hvm-2.0.20221103.3-x86_64-gp2",
            "image_owner_alias": "amazon",
            "image_type": "machine",
            "kernel_id": null,
            "most_recent": true,
            "name": "amzn2-ami-kernel-5.10-hvm-2.0.20221103.3-x86_64-gp2",
            "name_regex": null,
            "owner_id": "137112412989",
            "owners": [
              "amazon"
            ],
            "platform": null,
            "platform_details": "Linux/UNIX",
            "product_codes": [],
            "public": true,
            "ramdisk_id": null,
            "root_device_name": "/dev/xvda",
            "root_device_type": "ebs",
            "root_snapshot_id": "snap-0cc18315b85966d60",
            "sriov_net_support": "simple",
            "state": "available",
            "state_reason": {
              "code": "UNSET",
              "message": "UNSET"
            },
            "tags": {},
            "usage_operation": "RunInstances",
            "virtualization_type": "hvm"
          },
          "sensitive_attributes": []
        }
      ]
    },
    {
      "mode": "data",
      "type": "aws_ami",
      "name": "ubuntu",
      "provider": "provider[\"registry.terraform.io/hashicorp/aws\"]",
      "instances": [
        {
          "schema_version": 0,
          "attributes": {
            "architecture": "x86_64",
            "arn": "arn:aws:ec2:us-east-1::image/ami-0e50dd00dd3c36eab",
            "block_device_mappings": [
              {
                "device_name": "/dev/sda1",
                "ebs": {
                  "delete_on_termination": "true",
                  "encrypted": "false",
                  "iops": "0",
                  "snapshot_id": "snap-01c7e019ce71182dc",
                  "throughput": "0",
                  "volume_size": "8",
                  "volume_type": "gp2"
                },
                "no_device": "",
                "virtual_name": ""
              },
              {
                "device_name": "/dev/sdb",
                "ebs": {},
                "no_device": "",
                "virtual_name": "ephemeral0"
              },
              {
                "device_name": "/dev/sdc",
                "ebs": {},
                "no_device": "",
                "virtual_name": "ephemeral1"
              }
            ],
            "creation_date": "2022-10-19T02:03:51.000Z",
            "description": "Canonical, Ubuntu Minimal, 20.04 LTS, amd64 focal image build on 2022-10-18",
            "ena_support": true,
            "executable_users": null,
            "filter": [
              {
                "name": "name",
                "values": [
                  "ubuntu-minimal/images/hvm-ssd/ubuntu-focal-20.04-amd64-*"
                ]
              }
            ],
            "hypervisor": "xen",
            "id": "ami-0e50dd00dd3c36eab",
            "image_id": "ami-0e50dd00dd3c36eab",
            "image_location": "aws-marketplace/ubuntu-minimal/images/hvm-ssd/ubuntu-focal-20.04-amd64-minimal-20221018-d5944ad4-5199-4cf3-ab4c-c2c4598f880b",
            "image_owner_alias": "aws-marketplace",
            "image_type": "machine",
            "kernel_id": null,
            "most_recent": true,
            "name": "ubuntu-minimal/images/hvm-ssd/ubuntu-focal-20.04-amd64-minimal-20221018-d5944ad4-5199-4cf3-ab4c-c2c4598f880b",
            "name_regex": null,
            "owner_id": "679593333241",
            "owners": [
              "679593333241"
            ],
            "platform": null,
            "platform_details": "Linux/UNIX",
            "product_codes": [
              {
                "product_code_id": "cn75kij0iclp333uyrx6uqp6z",
                "product_code_type": "marketplace"
              }
            ],
            "public": true,
            "ramdisk_id": null,
            "root_device_name": "/dev/sda1",
            "root_device_type": "ebs",
            "root_snapshot_id": "snap-01c7e019ce71182dc",
            "sriov_net_support": "simple",
            "state": "available",
            "state_reason": {
              "code": "UNSET",
              "message": "UNSET"
            },
            "tags": {},
            "usage_operation": "RunInstances",
            "virtualization_type": "hvm"
          },
          "sensitive_attributes": []
        }
      ]
    },
    {
      "mode": "data",
      "type": "http",
      "name": "myip",
      "provider": "provider[\"registry.terraform.io/hashicorp/http\"]",
      "instances": [
        {
          "schema_version": 0,
          "attributes": {
            "body": "178.223.21.37\n",
            "ca_cert_pem": null,
            "id": "http://ipv4.icanhazip.com",
            "insecure": null,
            "method": null,
            "request_body": null,
            "request_headers": null,
            "response_body": "178.223.21.37\n",
            "response_headers": {
              "Access-Control-Allow-Methods": "GET",
              "Access-Control-Allow-Origin": "*",
              "Alt-Svc": "h3=\":443\"; ma=86400, h3-29=\":443\"; ma=86400",
              "Cf-Ray": "76ed4cf27b31b01b-BEG",
              "Connection": "keep-alive",
              "Content-Length": "14",
              "Content-Type": "text/plain",
              "Date": "Wed, 23 Nov 2022 22:21:54 GMT",
              "Server": "cloudflare",
              "Set-Cookie": "__cf_bm=dXB_sx51DlV6hiXY9cPjdWkxdFLm7ABn2S.VRJOzX_Y-1669242114-0-AVMQwFkeuKgOPt+26XttUQtwc5viFfenT7UzK4d0DW0tVIwjMPzDkqGRgvmtCwWH92dfGdpUd5JebYkmInQV5dk=; path=/; expires=Wed, 23-Nov-22 22:51:54 GMT; domain=.icanhazip.com; HttpOnly; SameSite=None",
              "Vary": "Accept-Encoding"
            },
            "status_code": 200,
            "url": "http://ipv4.icanhazip.com"
          },
          "sensitive_attributes": []
        }
      ]
    },
    {
      "mode": "managed",
      "type": "aws_instance",
      "name": "ansible-ec2",
      "provider": "provider[\"registry.terraform.io/hashicorp/aws\"]",
      "instances": [
        {
          "schema_version": 1,
          "attributes": {
            "ami": "ami-0b0dcb5067f052a63",
            "arn": "arn:aws:ec2:us-east-1:776524417542:instance/i-09ebf633edd09e26f",
            "associate_public_ip_address": true,
            "availability_zone": "us-east-1a",
            "capacity_reservation_specification": [
              {
                "capacity_reservation_preference": "open",
                "capacity_reservation_target": []
              }
            ],
            "cpu_core_count": 1,
            "cpu_threads_per_core": 1,
            "credit_specification": [
              {
                "cpu_credits": "standard"
              }
            ],
            "disable_api_termination": false,
            "ebs_block_device": [],
            "ebs_optimized": false,
            "enclave_options": [
              {
                "enabled": false
              }
            ],
            "ephemeral_block_device": [],
            "get_password_data": false,
            "hibernation": false,
            "host_id": null,
            "iam_instance_profile": "",
            "id": "i-09ebf633edd09e26f",
            "instance_initiated_shutdown_behavior": "stop",
            "instance_state": "running",
            "instance_type": "t2.nano",
            "ipv6_address_count": 0,
            "ipv6_addresses": [],
            "key_name": "testec2",
            "launch_template": [],
            "metadata_options": [
              {
                "http_endpoint": "enabled",
                "http_put_response_hop_limit": 1,
                "http_tokens": "optional",
                "instance_metadata_tags": "disabled"
              }
            ],
            "monitoring": false,
            "network_interface": [],
            "outpost_arn": "",
            "password_data": "",
            "placement_group": "",
            "placement_partition_number": null,
            "primary_network_interface_id": "eni-048fdea73977c1693",
            "private_dns": "ip-172-32-0-11.ec2.internal",
            "private_ip": "172.32.0.11",
            "public_dns": "",
            "public_ip": "44.201.11.121",
            "root_block_device": [
              {
                "delete_on_termination": true,
                "device_name": "/dev/xvda",
                "encrypted": false,
                "iops": 100,
                "kms_key_id": "",
                "tags": {},
                "throughput": 0,
                "volume_id": "vol-07cec36e0011b3cd1",
                "volume_size": 8,
                "volume_type": "gp2"
              }
            ],
            "secondary_private_ips": [],
            "security_groups": [],
            "source_dest_check": true,
            "subnet_id": "subnet-04ab6d98ec90f24c4",
            "tags": {
              "Name": "n01"
            },
            "tags_all": {
              "Name": "n01"
            },
            "tenancy": "default",
            "timeouts": null,
            "user_data": null,
            "user_data_base64": null,
            "volume_tags": null,
            "vpc_security_group_ids": [
              "sg-0960e8a79dca7d39e"
            ]
          },
          "sensitive_attributes": [],
          "private": "eyJlMmJmYjczMC1lY2FhLTExZTYtOGY4OC0zNDM2M2JjN2M0YzAiOnsiY3JlYXRlIjo2MDAwMDAwMDAwMDAsImRlbGV0ZSI6MTIwMDAwMDAwMDAwMCwidXBkYXRlIjo2MDAwMDAwMDAwMDB9LCJzY2hlbWFfdmVyc2lvbiI6IjEifQ==",
          "dependencies": [
            "aws_instance.ec2-nodes",
            "aws_s3_bucket_object.file",
            "aws_security_group.sg",
            "aws_subnet.public",
            "aws_vpc.apigee_opdk",
            "data.aws_ami.amazon_2",
            "data.http.myip",
            "tls_private_key.pk"
          ]
        }
      ]
    },
    {
      "mode": "managed",
      "type": "aws_instance",
      "name": "ec2-nodes",
      "provider": "provider[\"registry.terraform.io/hashicorp/aws\"]",
      "instances": [
        {
          "index_key": 0,
          "schema_version": 1,
          "attributes": {
            "ami": "ami-0b0dcb5067f052a63",
            "arn": "arn:aws:ec2:us-east-1:776524417542:instance/i-05bb11edcc7dac70b",
            "associate_public_ip_address": true,
            "availability_zone": "us-east-1a",
            "capacity_reservation_specification": [
              {
                "capacity_reservation_preference": "open",
                "capacity_reservation_target": []
              }
            ],
            "cpu_core_count": 1,
            "cpu_threads_per_core": 1,
            "credit_specification": [
              {
                "cpu_credits": "standard"
              }
            ],
            "disable_api_termination": false,
            "ebs_block_device": [],
            "ebs_optimized": false,
            "enclave_options": [
              {
                "enabled": false
              }
            ],
            "ephemeral_block_device": [],
            "get_password_data": false,
            "hibernation": false,
            "host_id": null,
            "iam_instance_profile": "",
            "id": "i-05bb11edcc7dac70b",
            "instance_initiated_shutdown_behavior": "stop",
            "instance_state": "running",
            "instance_type": "t2.nano",
            "ipv6_address_count": 0,
            "ipv6_addresses": [],
            "key_name": "testec2",
            "launch_template": [],
            "metadata_options": [
              {
                "http_endpoint": "enabled",
                "http_put_response_hop_limit": 1,
                "http_tokens": "optional",
                "instance_metadata_tags": "disabled"
              }
            ],
            "monitoring": false,
            "network_interface": [],
            "outpost_arn": "",
            "password_data": "",
            "placement_group": "",
            "placement_partition_number": null,
            "primary_network_interface_id": "eni-0b154fec975b424f3",
            "private_dns": "ip-172-32-0-12.ec2.internal",
            "private_ip": "172.32.0.12",
            "public_dns": "",
            "public_ip": "3.239.26.187",
            "root_block_device": [
              {
                "delete_on_termination": true,
                "device_name": "/dev/xvda",
                "encrypted": false,
                "iops": 100,
                "kms_key_id": "",
                "tags": {},
                "throughput": 0,
                "volume_id": "vol-0408fe6fc93d773ea",
                "volume_size": 8,
                "volume_type": "gp2"
              }
            ],
            "secondary_private_ips": [],
            "security_groups": [],
            "source_dest_check": true,
            "subnet_id": "subnet-04ab6d98ec90f24c4",
            "tags": {
              "Name": "n02"
            },
            "tags_all": {
              "Name": "n02"
            },
            "tenancy": "default",
            "timeouts": null,
            "user_data": null,
            "user_data_base64": null,
            "volume_tags": null,
            "vpc_security_group_ids": [
              "sg-0960e8a79dca7d39e"
            ]
          },
          "sensitive_attributes": [],
          "private": "eyJlMmJmYjczMC1lY2FhLTExZTYtOGY4OC0zNDM2M2JjN2M0YzAiOnsiY3JlYXRlIjo2MDAwMDAwMDAwMDAsImRlbGV0ZSI6MTIwMDAwMDAwMDAwMCwidXBkYXRlIjo2MDAwMDAwMDAwMDB9LCJzY2hlbWFfdmVyc2lvbiI6IjEifQ==",
          "dependencies": [
            "aws_security_group.sg",
            "aws_subnet.public",
            "aws_vpc.apigee_opdk",
            "data.aws_ami.amazon_2",
            "data.http.myip"
          ]
        },
        {
          "index_key": 1,
          "schema_version": 1,
          "attributes": {
            "ami": "ami-0b0dcb5067f052a63",
            "arn": "arn:aws:ec2:us-east-1:776524417542:instance/i-0246989373a4ac66e",
            "associate_public_ip_address": true,
            "availability_zone": "us-east-1a",
            "capacity_reservation_specification": [
              {
                "capacity_reservation_preference": "open",
                "capacity_reservation_target": []
              }
            ],
            "cpu_core_count": 1,
            "cpu_threads_per_core": 1,
            "credit_specification": [
              {
                "cpu_credits": "standard"
              }
            ],
            "disable_api_termination": false,
            "ebs_block_device": [],
            "ebs_optimized": false,
            "enclave_options": [
              {
                "enabled": false
              }
            ],
            "ephemeral_block_device": [],
            "get_password_data": false,
            "hibernation": false,
            "host_id": null,
            "iam_instance_profile": "",
            "id": "i-0246989373a4ac66e",
            "instance_initiated_shutdown_behavior": "stop",
            "instance_state": "running",
            "instance_type": "t2.nano",
            "ipv6_address_count": 0,
            "ipv6_addresses": [],
            "key_name": "testec2",
            "launch_template": [],
            "metadata_options": [
              {
                "http_endpoint": "enabled",
                "http_put_response_hop_limit": 1,
                "http_tokens": "optional",
                "instance_metadata_tags": "disabled"
              }
            ],
            "monitoring": false,
            "network_interface": [],
            "outpost_arn": "",
            "password_data": "",
            "placement_group": "",
            "placement_partition_number": null,
            "primary_network_interface_id": "eni-09af7d785ab17919e",
            "private_dns": "ip-172-32-0-13.ec2.internal",
            "private_ip": "172.32.0.13",
            "public_dns": "",
            "public_ip": "3.221.158.70",
            "root_block_device": [
              {
                "delete_on_termination": true,
                "device_name": "/dev/xvda",
                "encrypted": false,
                "iops": 100,
                "kms_key_id": "",
                "tags": {},
                "throughput": 0,
                "volume_id": "vol-0776d2088074716e8",
                "volume_size": 8,
                "volume_type": "gp2"
              }
            ],
            "secondary_private_ips": [],
            "security_groups": [],
            "source_dest_check": true,
            "subnet_id": "subnet-04ab6d98ec90f24c4",
            "tags": {
              "Name": "n03"
            },
            "tags_all": {
              "Name": "n03"
            },
            "tenancy": "default",
            "timeouts": null,
            "user_data": null,
            "user_data_base64": null,
            "volume_tags": null,
            "vpc_security_group_ids": [
              "sg-0960e8a79dca7d39e"
            ]
          },
          "sensitive_attributes": [],
          "private": "eyJlMmJmYjczMC1lY2FhLTExZTYtOGY4OC0zNDM2M2JjN2M0YzAiOnsiY3JlYXRlIjo2MDAwMDAwMDAwMDAsImRlbGV0ZSI6MTIwMDAwMDAwMDAwMCwidXBkYXRlIjo2MDAwMDAwMDAwMDB9LCJzY2hlbWFfdmVyc2lvbiI6IjEifQ==",
          "dependencies": [
            "aws_security_group.sg",
            "aws_subnet.public",
            "aws_vpc.apigee_opdk",
            "data.aws_ami.amazon_2",
            "data.http.myip"
          ]
        },
        {
          "index_key": 2,
          "schema_version": 1,
          "attributes": {
            "ami": "ami-0b0dcb5067f052a63",
            "arn": "arn:aws:ec2:us-east-1:776524417542:instance/i-014395876533c436c",
            "associate_public_ip_address": true,
            "availability_zone": "us-east-1a",
            "capacity_reservation_specification": [
              {
                "capacity_reservation_preference": "open",
                "capacity_reservation_target": []
              }
            ],
            "cpu_core_count": 1,
            "cpu_threads_per_core": 1,
            "credit_specification": [
              {
                "cpu_credits": "standard"
              }
            ],
            "disable_api_termination": false,
            "ebs_block_device": [],
            "ebs_optimized": false,
            "enclave_options": [
              {
                "enabled": false
              }
            ],
            "ephemeral_block_device": [],
            "get_password_data": false,
            "hibernation": false,
            "host_id": null,
            "iam_instance_profile": "",
            "id": "i-014395876533c436c",
            "instance_initiated_shutdown_behavior": "stop",
            "instance_state": "running",
            "instance_type": "t2.nano",
            "ipv6_address_count": 0,
            "ipv6_addresses": [],
            "key_name": "testec2",
            "launch_template": [],
            "metadata_options": [
              {
                "http_endpoint": "enabled",
                "http_put_response_hop_limit": 1,
                "http_tokens": "optional",
                "instance_metadata_tags": "disabled"
              }
            ],
            "monitoring": false,
            "network_interface": [],
            "outpost_arn": "",
            "password_data": "",
            "placement_group": "",
            "placement_partition_number": null,
            "primary_network_interface_id": "eni-0ae045e86332b25f4",
            "private_dns": "ip-172-32-0-14.ec2.internal",
            "private_ip": "172.32.0.14",
            "public_dns": "",
            "public_ip": "44.192.87.106",
            "root_block_device": [
              {
                "delete_on_termination": true,
                "device_name": "/dev/xvda",
                "encrypted": false,
                "iops": 100,
                "kms_key_id": "",
                "tags": {},
                "throughput": 0,
                "volume_id": "vol-032f8b24d0b23f38e",
                "volume_size": 8,
                "volume_type": "gp2"
              }
            ],
            "secondary_private_ips": [],
            "security_groups": [],
            "source_dest_check": true,
            "subnet_id": "subnet-04ab6d98ec90f24c4",
            "tags": {
              "Name": "n04"
            },
            "tags_all": {
              "Name": "n04"
            },
            "tenancy": "default",
            "timeouts": null,
            "user_data": null,
            "user_data_base64": null,
            "volume_tags": null,
            "vpc_security_group_ids": [
              "sg-0960e8a79dca7d39e"
            ]
          },
          "sensitive_attributes": [],
          "private": "eyJlMmJmYjczMC1lY2FhLTExZTYtOGY4OC0zNDM2M2JjN2M0YzAiOnsiY3JlYXRlIjo2MDAwMDAwMDAwMDAsImRlbGV0ZSI6MTIwMDAwMDAwMDAwMCwidXBkYXRlIjo2MDAwMDAwMDAwMDB9LCJzY2hlbWFfdmVyc2lvbiI6IjEifQ==",
          "dependencies": [
            "aws_security_group.sg",
            "aws_subnet.public",
            "aws_vpc.apigee_opdk",
            "data.aws_ami.amazon_2",
            "data.http.myip"
          ]
        },
        {
          "index_key": 3,
          "schema_version": 1,
          "attributes": {
            "ami": "ami-0b0dcb5067f052a63",
            "arn": "arn:aws:ec2:us-east-1:776524417542:instance/i-0f25a6afd30e37f83",
            "associate_public_ip_address": true,
            "availability_zone": "us-east-1a",
            "capacity_reservation_specification": [
              {
                "capacity_reservation_preference": "open",
                "capacity_reservation_target": []
              }
            ],
            "cpu_core_count": 1,
            "cpu_threads_per_core": 1,
            "credit_specification": [
              {
                "cpu_credits": "standard"
              }
            ],
            "disable_api_termination": false,
            "ebs_block_device": [],
            "ebs_optimized": false,
            "enclave_options": [
              {
                "enabled": false
              }
            ],
            "ephemeral_block_device": [],
            "get_password_data": false,
            "hibernation": false,
            "host_id": null,
            "iam_instance_profile": "",
            "id": "i-0f25a6afd30e37f83",
            "instance_initiated_shutdown_behavior": "stop",
            "instance_state": "running",
            "instance_type": "t2.nano",
            "ipv6_address_count": 0,
            "ipv6_addresses": [],
            "key_name": "testec2",
            "launch_template": [],
            "metadata_options": [
              {
                "http_endpoint": "enabled",
                "http_put_response_hop_limit": 1,
                "http_tokens": "optional",
                "instance_metadata_tags": "disabled"
              }
            ],
            "monitoring": false,
            "network_interface": [],
            "outpost_arn": "",
            "password_data": "",
            "placement_group": "",
            "placement_partition_number": null,
            "primary_network_interface_id": "eni-0b2bcb5e285dda108",
            "private_dns": "ip-172-32-0-15.ec2.internal",
            "private_ip": "172.32.0.15",
            "public_dns": "",
            "public_ip": "44.204.221.238",
            "root_block_device": [
              {
                "delete_on_termination": true,
                "device_name": "/dev/xvda",
                "encrypted": false,
                "iops": 100,
                "kms_key_id": "",
                "tags": {},
                "throughput": 0,
                "volume_id": "vol-0de1bf26a00788ef2",
                "volume_size": 8,
                "volume_type": "gp2"
              }
            ],
            "secondary_private_ips": [],
            "security_groups": [],
            "source_dest_check": true,
            "subnet_id": "subnet-04ab6d98ec90f24c4",
            "tags": {
              "Name": "n05"
            },
            "tags_all": {
              "Name": "n05"
            },
            "tenancy": "default",
            "timeouts": null,
            "user_data": null,
            "user_data_base64": null,
            "volume_tags": null,
            "vpc_security_group_ids": [
              "sg-0960e8a79dca7d39e"
            ]
          },
          "sensitive_attributes": [],
          "private": "eyJlMmJmYjczMC1lY2FhLTExZTYtOGY4OC0zNDM2M2JjN2M0YzAiOnsiY3JlYXRlIjo2MDAwMDAwMDAwMDAsImRlbGV0ZSI6MTIwMDAwMDAwMDAwMCwidXBkYXRlIjo2MDAwMDAwMDAwMDB9LCJzY2hlbWFfdmVyc2lvbiI6IjEifQ==",
          "dependencies": [
            "aws_security_group.sg",
            "aws_subnet.public",
            "aws_vpc.apigee_opdk",
            "data.aws_ami.amazon_2",
            "data.http.myip"
          ]
        },
        {
          "index_key": 4,
          "schema_version": 1,
          "attributes": {
            "ami": "ami-0b0dcb5067f052a63",
            "arn": "arn:aws:ec2:us-east-1:776524417542:instance/i-06379fbb965416afd",
            "associate_public_ip_address": true,
            "availability_zone": "us-east-1a",
            "capacity_reservation_specification": [
              {
                "capacity_reservation_preference": "open",
                "capacity_reservation_target": []
              }
            ],
            "cpu_core_count": 1,
            "cpu_threads_per_core": 1,
            "credit_specification": [
              {
                "cpu_credits": "standard"
              }
            ],
            "disable_api_termination": false,
            "ebs_block_device": [],
            "ebs_optimized": false,
            "enclave_options": [
              {
                "enabled": false
              }
            ],
            "ephemeral_block_device": [],
            "get_password_data": false,
            "hibernation": false,
            "host_id": null,
            "iam_instance_profile": "",
            "id": "i-06379fbb965416afd",
            "instance_initiated_shutdown_behavior": "stop",
            "instance_state": "running",
            "instance_type": "t2.nano",
            "ipv6_address_count": 0,
            "ipv6_addresses": [],
            "key_name": "testec2",
            "launch_template": [],
            "metadata_options": [
              {
                "http_endpoint": "enabled",
                "http_put_response_hop_limit": 1,
                "http_tokens": "optional",
                "instance_metadata_tags": "disabled"
              }
            ],
            "monitoring": false,
            "network_interface": [],
            "outpost_arn": "",
            "password_data": "",
            "placement_group": "",
            "placement_partition_number": null,
            "primary_network_interface_id": "eni-0d470fee07df0bdb9",
            "private_dns": "ip-172-32-0-16.ec2.internal",
            "private_ip": "172.32.0.16",
            "public_dns": "",
            "public_ip": "3.227.243.115",
            "root_block_device": [
              {
                "delete_on_termination": true,
                "device_name": "/dev/xvda",
                "encrypted": false,
                "iops": 100,
                "kms_key_id": "",
                "tags": {},
                "throughput": 0,
                "volume_id": "vol-07b804d016d5884d9",
                "volume_size": 8,
                "volume_type": "gp2"
              }
            ],
            "secondary_private_ips": [],
            "security_groups": [],
            "source_dest_check": true,
            "subnet_id": "subnet-04ab6d98ec90f24c4",
            "tags": {
              "Name": "n06"
            },
            "tags_all": {
              "Name": "n06"
            },
            "tenancy": "default",
            "timeouts": null,
            "user_data": null,
            "user_data_base64": null,
            "volume_tags": null,
            "vpc_security_group_ids": [
              "sg-0960e8a79dca7d39e"
            ]
          },
          "sensitive_attributes": [],
          "private": "eyJlMmJmYjczMC1lY2FhLTExZTYtOGY4OC0zNDM2M2JjN2M0YzAiOnsiY3JlYXRlIjo2MDAwMDAwMDAwMDAsImRlbGV0ZSI6MTIwMDAwMDAwMDAwMCwidXBkYXRlIjo2MDAwMDAwMDAwMDB9LCJzY2hlbWFfdmVyc2lvbiI6IjEifQ==",
          "dependencies": [
            "aws_security_group.sg",
            "aws_subnet.public",
            "aws_vpc.apigee_opdk",
            "data.aws_ami.amazon_2",
            "data.http.myip"
          ]
        }
      ]
    },
    {
      "mode": "managed",
      "type": "aws_internet_gateway",
      "name": "apigee_opdk",
      "provider": "provider[\"registry.terraform.io/hashicorp/aws\"]",
      "instances": [
        {
          "schema_version": 0,
          "attributes": {
            "arn": "arn:aws:ec2:us-east-1:776524417542:internet-gateway/igw-0b1cb396164ac785b",
            "id": "igw-0b1cb396164ac785b",
            "owner_id": "776524417542",
            "tags": null,
            "tags_all": {},
            "vpc_id": "vpc-02f54d19cf160ccca"
          },
          "sensitive_attributes": [],
          "private": "bnVsbA==",
          "dependencies": [
            "aws_vpc.apigee_opdk"
          ]
        }
      ]
    },
    {
      "mode": "managed",
      "type": "aws_key_pair",
      "name": "kp",
      "provider": "provider[\"registry.terraform.io/hashicorp/aws\"]",
      "instances": [
        {
          "schema_version": 1,
          "attributes": {
            "arn": "arn:aws:ec2:us-east-1:776524417542:key-pair/testec2",
            "fingerprint": "fd:9a:c6:2d:13:79:76:80:ad:c2:76:f8:26:66:f1:15",
            "id": "testec2",
            "key_name": "testec2",
            "key_name_prefix": "",
            "key_pair_id": "key-096d7cae3d65ff1a8",
            "public_key": "ssh-rsa AAAAB3NzaC1yc2EAAAADAQABAAACAQC/go1HR1hGRFsomKsiu5SNJe1tHq4dn/G+5UyYZtW7sc3f4elhuh2RvRSBX/Bijub1Jt2LMahElaSuEq32yY/ebJUE6t5lD1apELnxYHXmnunUSAmxALQ7+IbK0g4abaTZjPG2BBCCklzMXr6V/t4lTbhFSk2CUKnRXFcFz/P/54o0ROi9lKVsls7jPmWReU7/wIwe4o9+7vzj0Bjpd1aSbsqs4rmhNv6gtKIoOLt54JLjYFWLazNgXPGHWmw8raXCxQ/zLyQPylebNe+ALlwrhD/x6HTYWA1OJ35RX78+4XdfJnXCUULRDix5/cKF6FihIBTGJxezfb5WO7+dkvdOf0jYmotjag5wVh/vjUJbl6V4bYAwwWWq7lcwCvBKBJSyRCDAIergiKmoU0y8pDAp+0HwPNmLwQy/cUXDZ/U6/ChU6y53+log8iRHheJsecnGzukyrQCz4jh33SG66nDW/F/dkObezkoRhGXOcnMzpTPWlE2vsgV05YMyO3CtfX17YXMTH+Bh1HuA2L0/x03N2+J2a9xHpyZvyc6yZcclI10MpzpTVGCs/VRLXVZG8d46jNkAX0SUYOjPrtInt4OYIsybJNbd5ROzXPcrx7mK6sITpwq9HDcXCa/+j6OF3pkbYxP/XxbH9WlNZPtn58GIfrMt5CAhO6F9ei3wceXnaw==",
            "tags": null,
            "tags_all": {}
          },
          "sensitive_attributes": [],
          "private": "eyJzY2hlbWFfdmVyc2lvbiI6IjEifQ==",
          "dependencies": [
            "tls_private_key.pk"
          ]
        }
      ]
    },
    {
      "mode": "managed",
      "type": "aws_route_table",
      "name": "public",
      "provider": "provider[\"registry.terraform.io/hashicorp/aws\"]",
      "instances": [
        {
          "schema_version": 0,
          "attributes": {
            "arn": "arn:aws:ec2:us-east-1:776524417542:route-table/rtb-009f351f54d85e819",
            "id": "rtb-009f351f54d85e819",
            "owner_id": "776524417542",
            "propagating_vgws": [],
            "route": [
              {
                "carrier_gateway_id": "",
                "cidr_block": "0.0.0.0/0",
                "destination_prefix_list_id": "",
                "egress_only_gateway_id": "",
                "gateway_id": "igw-0b1cb396164ac785b",
                "instance_id": "",
                "ipv6_cidr_block": "",
                "local_gateway_id": "",
                "nat_gateway_id": "",
                "network_interface_id": "",
                "transit_gateway_id": "",
                "vpc_endpoint_id": "",
                "vpc_peering_connection_id": ""
              }
            ],
            "tags": null,
            "tags_all": {},
            "timeouts": null,
            "vpc_id": "vpc-02f54d19cf160ccca"
          },
          "sensitive_attributes": [],
          "private": "eyJlMmJmYjczMC1lY2FhLTExZTYtOGY4OC0zNDM2M2JjN2M0YzAiOnsiY3JlYXRlIjozMDAwMDAwMDAwMDAsImRlbGV0ZSI6MzAwMDAwMDAwMDAwLCJ1cGRhdGUiOjEyMDAwMDAwMDAwMH19",
          "dependencies": [
            "aws_internet_gateway.apigee_opdk",
            "aws_vpc.apigee_opdk"
          ]
        }
      ]
    },
    {
      "mode": "managed",
      "type": "aws_route_table_association",
      "name": "public",
      "provider": "provider[\"registry.terraform.io/hashicorp/aws\"]",
      "instances": [
        {
          "schema_version": 0,
          "attributes": {
            "gateway_id": "",
            "id": "rtbassoc-0875b8c69c11ce020",
            "route_table_id": "rtb-009f351f54d85e819",
            "subnet_id": "subnet-04ab6d98ec90f24c4"
          },
          "sensitive_attributes": [],
          "private": "bnVsbA==",
          "dependencies": [
            "aws_internet_gateway.apigee_opdk",
            "aws_route_table.public",
            "aws_subnet.public",
            "aws_vpc.apigee_opdk"
          ]
        }
      ]
    },
    {
      "mode": "managed",
      "type": "aws_s3_bucket_object",
      "name": "file",
      "provider": "provider[\"registry.terraform.io/hashicorp/aws\"]",
      "instances": [
        {
          "schema_version": 0,
          "attributes": {
            "acl": "private",
            "bucket": "apigee-opdk-proj",
            "bucket_key_enabled": false,
            "cache_control": "",
            "content": "-----BEGIN RSA PRIVATE KEY-----\nMIIJJwIBAAKCAgEAv4KNR0dYRkRbKJirIruUjSXtbR6uHZ/xvuVMmGbVu7HN3+Hp\nYbodkb0UgV/wYo7m9SbdizGoRJWkrhKt9smP3myVBOreZQ9WqRC58WB15p7p1EgJ\nsQC0O/iGytIOGm2k2YzxtgQQgpJczF6+lf7eJU24RUpNglCp0VxXBc/z/+eKNETo\nvZSlbJbO4z5lkXlO/8CMHuKPfu7849AY6XdWkm7KrOK5oTb+oLSiKDi7eeCS42BV\ni2szYFzxh1psPK2lwsUP8y8kD8pXmzXvgC5cK4Q/8eh02FgNTid+UV+/PuF3XyZ1\nwlFC0Q4sef3ChehYoSAUxicXs32+Vju/nZL3Tn9I2JqLY2oOcFYf741CW5eleG2A\nMMFlqu5XMArwSgSUskQgwCHq4IipqFNMvKQwKftB8DzZi8EMv3FFw2f1OvwoVOsu\nd/paIPIkR4XibHnJxs7pMq0As+I4d90huupw1vxf3ZDm3s5KEYRlznJzM6Uz1pRN\nr7IFdOWDMjtwrX19e2FzEx/gYdR7gNi9P8dNzdvidmvcR6cmb8nOsmXHJSNdDKc6\nU1RgrP1US11WRvHeOozZAF9ElGDoz67SJ7eDmCLMmyTW3eUTs1z3K8e5iurCE6cK\nvRw3Fwmv/o+jhd6ZG2MT/18Wx/VpTWT7Z+fBiH6zLeQgITuhfXot8HHl52sCAwEA\nAQKCAgAVLgsR5wIMQ2MRilDi9nvnYFpxxwLao+XIhvOBp13b9D4glIuLE1pR0+eA\np2uees9wLWwzCLrjWulrlwVGVeRjZP7WHGOcKaYb7I2j9FcVul2B7LWlrb5BI6tE\noxaMNbQVm1DgIHLy/dzlfVT2oclPtti6UQ1hbCpbzSqSqf0CQEk4nqZe0SG6cLNQ\nzoXNIO1ru4/DmqrkDupJB6q5p0kbyMUBedGt0rc2bsPATwXs5LlaDD1pveFgtua/\nYXC3BT1f3Qt2ibAjTu2BbOWf94CaD3ZC+sJxasuN6TA/L6em/KiHDWnYo8QP+tFQ\nbJAm3xtuNm4VvB0S7MUwJEt80dQn2QpBENucT36Htdn7/ahDswSFcR2ncRIFYLNt\n0eVGu9tsjmKRrmTB3YXI3QbeTQc/xvQoq2stIuBt36+9GNsypP++ibSH1Bl2KsdU\nyXNC2ZrRTynjo8mIBRllRdKs7IzG/CNII5jZZtXQMggUTmkYRqcPmFZf5E8CQEbu\nQRccJWM2xlbDRbBPhFY4R0B5kIjeHt474P2kA3EfC1I1/lO6ev9iQ2WP2M1N7nHI\n8Q0yQ8K4zbMapLB2MhPxrvHPLWXWdO7Hfd0cN58JBcEtGxTRO6U8liuZp7e5Kv5N\npxJAOtgj3oEL0A5yo5AEtYcuHjLELrtwuYpmlF9qJiwogXXlgQKCAQEA9mlsH1H1\nqfpTZV93QOeCUuYEWeoD8zHB9OObYS4T6v80R5HG0AMBZ8IHsMllbSJ3jmNjAIhe\nPcgQovdMEBbKEKObUS31rrjNpbcAEbVR3zPA63aTOyP2RPtVcDmQw8CbHBiueaV5\nnzfsJYdkUjfC+q3QP5KtYOgZA9i86HH2SNJqEY9CxaDUC0z20trVyHYTxDI8pQp5\nNxmEAaNBNqBQ+cvfBvlyJ7UnvMVBl0uDDqAv7Sot17mGtasxKpjYVB73PFUwyF6n\nbdguM3rw8EhD/pqox1jI94D43G+HFAUG71BH++cEkUsO471kmkyxfpUUbEicnMLF\nErcoSv8aE2zP5QKCAQEAxvY8nmEWVFKWSWqBoqsMS83ZCL1uZ5TiGMmICtmkQjJM\neXsxO6N7li4Kx0Fi8emkXFeAQLPFmWTeRaGnEzI86//L6rS6gLS99OvhtFDWVbk9\ne6KPI2kJ9DeummanoqwnN4Je4hlgrI45cBhl8NqRc7rs6/jhukQe36VskGdcWEsh\n7aVPoVO24CYukAeu55Y4aBB7W6zlkcbCFq1fpXvZ28wML4SUYDJYwftH1ja6Py5W\n5ne1/4WVNVZaCOdvECSiNxgJR2XF1ufcBYW8YvWlSApONv/yVLKyJILYfnK5PqvE\neaaueTr05qDhP87LsgsG81kRYqmlqz8nNk6H5rlFDwKCAQBm9fXvwFdeBvMB0LoL\nrLCP4vy+dUHhRFE++jvah15bOvelUAw6robPzAtam0x+JYC/Rlf/yPtX5VjOP3bQ\n4jTcbwBfE00tDJshOy4UOCdVlFJwEMPEWmp0uHAizGro4Hnva4C746DGHp/VrpUE\npbga9rWlWqyHaXPKX63Pko7OLt2TKMFFwsXXUvlvcXESqgPoXvVoINA1bbvy0zxU\njvhG6CDw0RoZ7WAFSIb3qN3CJrzf5FfzY9od3sJUgjkiLS4xT4dqseJTy5jCegRi\n4k9G+2i6oyaWBJX3xcIzY0ZaiLkLUKRf8XTvRBvdPV6M/c3i0RRfjCK8hzuW2rES\nnMzhAoIBAG66MUhPbfbls4AORzE5knFJkWTcz+nToPT8i7rGHzU7+vWMyvyO4kPV\nQehcim1pgzBk/hqEMg9JZK5J5cq4JdGNnXX0uOrSK/l3oTgR2QcCPaZl9NVXKtQA\nfSquwNK2jmjFJHsedn/x8yNgYLNnYJWQzTQSYcWhDbGXxdCjxW/Z+HriimuVRGyA\ns18y93MpViEMMyr1ERpNDE1ElbtqLve1Gn8DgPP8cQscBoHAGWz6JCDFNMONG1oA\nwcC81EGesayJsvhKOo18oiVspUhJv39VROw1Cy9598x8CXJt9IxdWc3+JpGPbyY/\nGLzDIPfoTSj3Q8at9WZVkkQV9mpAZ58CggEAYBPHlszAa72/XSdBY4CDIJP5U6ro\nQejSyf7FSceywZUtc9OLJwVSjxT5Tno7zd5/e1owl1BiM7PqGcSUFJ0HzrZ7Uk5S\nfztD81p/XzP6tgMujTg7/Ui337tN4yNd2Gaeu3C7XLrA3tEu07DUWYEg0DZFWJTj\nqQnH8+9b/E6+vU9SYuFJFLp4s/babXuqYTRi+6r1WWIpSxq6IEglIUdpaZrI3i+v\nfTmrHBzvuen6udu2WkkbVg6x3MdwS30WR+l3hipqp9X0yh4jC90mzMuGbiwIY/H0\nnvU3AnhaWN/eCv3pjxp6Zw0SVXadCW5iJB/98Hh7Z+yDV4NQj2jjsbv0zg==\n-----END RSA PRIVATE KEY-----\n",
            "content_base64": null,
            "content_disposition": "",
            "content_encoding": "",
            "content_language": "",
            "content_type": "binary/octet-stream",
            "etag": "18a79896492369f4b80f0e3ab8fb4308",
            "force_destroy": false,
            "id": "testec2.pem",
            "key": "testec2.pem",
            "kms_key_id": null,
            "metadata": null,
            "object_lock_legal_hold_status": "",
            "object_lock_mode": "",
            "object_lock_retain_until_date": "",
            "server_side_encryption": "",
            "source": null,
            "source_hash": null,
            "storage_class": "STANDARD",
            "tags": null,
            "tags_all": {},
            "version_id": "",
            "website_redirect": ""
          },
          "sensitive_attributes": [
            [
              {
                "type": "get_attr",
                "value": "content"
              }
            ]
          ],
          "private": "bnVsbA==",
          "dependencies": [
            "tls_private_key.pk"
          ]
        }
      ]
    },
    {
      "mode": "managed",
      "type": "aws_security_group",
      "name": "sg",
      "provider": "provider[\"registry.terraform.io/hashicorp/aws\"]",
      "instances": [
        {
          "schema_version": 1,
          "attributes": {
            "arn": "arn:aws:ec2:us-east-1:776524417542:security-group/sg-0960e8a79dca7d39e",
            "description": "Connect Public Subnet",
            "egress": [
              {
                "cidr_blocks": [
                  "0.0.0.0/0"
                ],
                "description": "",
                "from_port": 0,
                "ipv6_cidr_blocks": [],
                "prefix_list_ids": [],
                "protocol": "-1",
                "security_groups": [],
                "self": false,
                "to_port": 0
              }
            ],
            "id": "sg-0960e8a79dca7d39e",
            "ingress": [
              {
                "cidr_blocks": [
                  "172.32.0.0/16"
                ],
                "description": "",
                "from_port": 22,
                "ipv6_cidr_blocks": [],
                "prefix_list_ids": [],
                "protocol": "tcp",
                "security_groups": [],
                "self": false,
                "to_port": 22
              },
              {
                "cidr_blocks": [
                  "178.223.21.37/32"
                ],
                "description": "",
                "from_port": 22,
                "ipv6_cidr_blocks": [],
                "prefix_list_ids": [],
                "protocol": "tcp",
                "security_groups": [],
                "self": false,
                "to_port": 22
              }
            ],
            "name": "public_subnet",
            "name_prefix": "",
            "owner_id": "776524417542",
            "revoke_rules_on_delete": false,
            "tags": null,
            "tags_all": {},
            "timeouts": null,
            "vpc_id": "vpc-02f54d19cf160ccca"
          },
          "sensitive_attributes": [],
          "private": "eyJlMmJmYjczMC1lY2FhLTExZTYtOGY4OC0zNDM2M2JjN2M0YzAiOnsiY3JlYXRlIjo2MDAwMDAwMDAwMDAsImRlbGV0ZSI6OTAwMDAwMDAwMDAwfSwic2NoZW1hX3ZlcnNpb24iOiIxIn0=",
          "dependencies": [
            "aws_vpc.apigee_opdk",
            "data.http.myip"
          ]
        }
      ]
    },
    {
      "mode": "managed",
      "type": "aws_subnet",
      "name": "public",
      "provider": "provider[\"registry.terraform.io/hashicorp/aws\"]",
      "instances": [
        {
          "schema_version": 1,
          "attributes": {
            "arn": "arn:aws:ec2:us-east-1:776524417542:subnet/subnet-04ab6d98ec90f24c4",
            "assign_ipv6_address_on_creation": false,
            "availability_zone": "us-east-1a",
            "availability_zone_id": "use1-az1",
            "cidr_block": "172.32.0.0/20",
            "customer_owned_ipv4_pool": "",
            "enable_dns64": false,
            "enable_resource_name_dns_a_record_on_launch": false,
            "enable_resource_name_dns_aaaa_record_on_launch": false,
            "id": "subnet-04ab6d98ec90f24c4",
            "ipv6_cidr_block": "",
            "ipv6_cidr_block_association_id": "",
            "ipv6_native": false,
            "map_customer_owned_ip_on_launch": false,
            "map_public_ip_on_launch": true,
            "outpost_arn": "",
            "owner_id": "776524417542",
            "private_dns_hostname_type_on_launch": "ip-name",
            "tags": null,
            "tags_all": {},
            "timeouts": null,
            "vpc_id": "vpc-02f54d19cf160ccca"
          },
          "sensitive_attributes": [],
          "private": "eyJlMmJmYjczMC1lY2FhLTExZTYtOGY4OC0zNDM2M2JjN2M0YzAiOnsiY3JlYXRlIjo2MDAwMDAwMDAwMDAsImRlbGV0ZSI6MTIwMDAwMDAwMDAwMH0sInNjaGVtYV92ZXJzaW9uIjoiMSJ9",
          "dependencies": [
            "aws_vpc.apigee_opdk"
          ]
        }
      ]
    },
    {
      "mode": "managed",
      "type": "aws_vpc",
      "name": "apigee_opdk",
      "provider": "provider[\"registry.terraform.io/hashicorp/aws\"]",
      "instances": [
        {
          "schema_version": 1,
          "attributes": {
            "arn": "arn:aws:ec2:us-east-1:776524417542:vpc/vpc-02f54d19cf160ccca",
            "assign_generated_ipv6_cidr_block": false,
            "cidr_block": "172.32.0.0/16",
            "default_network_acl_id": "acl-0678f053b858ed58f",
            "default_route_table_id": "rtb-04a2d6e82257fbd9f",
            "default_security_group_id": "sg-0b3c9fb9ed2cdbd9e",
            "dhcp_options_id": "dopt-06ee62895f5022e56",
            "enable_classiclink": false,
            "enable_classiclink_dns_support": false,
            "enable_dns_hostnames": false,
            "enable_dns_support": true,
            "id": "vpc-02f54d19cf160ccca",
            "instance_tenancy": "default",
            "ipv4_ipam_pool_id": null,
            "ipv4_netmask_length": null,
            "ipv6_association_id": "",
            "ipv6_cidr_block": "",
            "ipv6_cidr_block_network_border_group": "",
            "ipv6_ipam_pool_id": "",
            "ipv6_netmask_length": 0,
            "main_route_table_id": "rtb-04a2d6e82257fbd9f",
            "owner_id": "776524417542",
            "tags": null,
            "tags_all": {}
          },
          "sensitive_attributes": [],
          "private": "eyJzY2hlbWFfdmVyc2lvbiI6IjEifQ=="
        }
      ]
    },
    {
      "mode": "managed",
      "type": "tls_private_key",
      "name": "pk",
      "provider": "provider[\"registry.terraform.io/hashicorp/tls\"]",
      "instances": [
        {
          "schema_version": 1,
          "attributes": {
            "algorithm": "RSA",
            "ecdsa_curve": "P224",
            "id": "c753a39d84a0aab5d77b622ce7ed0b83ff1427b6",
            "private_key_openssh": "-----BEGIN OPENSSH PRIVATE KEY-----\nb3BlbnNzaC1rZXktdjEAAAAABG5vbmUAAAAEbm9uZQAAAAAAAAABAAACFwAAAAdz\nc2gtcnNhAAAAAwEAAQAAAgEAv4KNR0dYRkRbKJirIruUjSXtbR6uHZ/xvuVMmGbV\nu7HN3+HpYbodkb0UgV/wYo7m9SbdizGoRJWkrhKt9smP3myVBOreZQ9WqRC58WB1\n5p7p1EgJsQC0O/iGytIOGm2k2YzxtgQQgpJczF6+lf7eJU24RUpNglCp0VxXBc/z\n/+eKNETovZSlbJbO4z5lkXlO/8CMHuKPfu7849AY6XdWkm7KrOK5oTb+oLSiKDi7\neeCS42BVi2szYFzxh1psPK2lwsUP8y8kD8pXmzXvgC5cK4Q/8eh02FgNTid+UV+/\nPuF3XyZ1wlFC0Q4sef3ChehYoSAUxicXs32+Vju/nZL3Tn9I2JqLY2oOcFYf741C\nW5eleG2AMMFlqu5XMArwSgSUskQgwCHq4IipqFNMvKQwKftB8DzZi8EMv3FFw2f1\nOvwoVOsud/paIPIkR4XibHnJxs7pMq0As+I4d90huupw1vxf3ZDm3s5KEYRlznJz\nM6Uz1pRNr7IFdOWDMjtwrX19e2FzEx/gYdR7gNi9P8dNzdvidmvcR6cmb8nOsmXH\nJSNdDKc6U1RgrP1US11WRvHeOozZAF9ElGDoz67SJ7eDmCLMmyTW3eUTs1z3K8e5\niurCE6cKvRw3Fwmv/o+jhd6ZG2MT/18Wx/VpTWT7Z+fBiH6zLeQgITuhfXot8HHl\n52sAAAc4eWplw3lqZcMAAAAHc3NoLXJzYQAAAgEAv4KNR0dYRkRbKJirIruUjSXt\nbR6uHZ/xvuVMmGbVu7HN3+HpYbodkb0UgV/wYo7m9SbdizGoRJWkrhKt9smP3myV\nBOreZQ9WqRC58WB15p7p1EgJsQC0O/iGytIOGm2k2YzxtgQQgpJczF6+lf7eJU24\nRUpNglCp0VxXBc/z/+eKNETovZSlbJbO4z5lkXlO/8CMHuKPfu7849AY6XdWkm7K\nrOK5oTb+oLSiKDi7eeCS42BVi2szYFzxh1psPK2lwsUP8y8kD8pXmzXvgC5cK4Q/\n8eh02FgNTid+UV+/PuF3XyZ1wlFC0Q4sef3ChehYoSAUxicXs32+Vju/nZL3Tn9I\n2JqLY2oOcFYf741CW5eleG2AMMFlqu5XMArwSgSUskQgwCHq4IipqFNMvKQwKftB\n8DzZi8EMv3FFw2f1OvwoVOsud/paIPIkR4XibHnJxs7pMq0As+I4d90huupw1vxf\n3ZDm3s5KEYRlznJzM6Uz1pRNr7IFdOWDMjtwrX19e2FzEx/gYdR7gNi9P8dNzdvi\ndmvcR6cmb8nOsmXHJSNdDKc6U1RgrP1US11WRvHeOozZAF9ElGDoz67SJ7eDmCLM\nmyTW3eUTs1z3K8e5iurCE6cKvRw3Fwmv/o+jhd6ZG2MT/18Wx/VpTWT7Z+fBiH6z\nLeQgITuhfXot8HHl52sAAAADAQABAAACABUuCxHnAgxDYxGKUOL2e+dgWnHHAtqj\n5ciG84GnXdv0PiCUi4sTWlHT54Cna556z3AtbDMIuuNa6WuXBUZV5GNk/tYcY5wp\nphvsjaP0VxW6XYHstaWtvkEjq0SjFow1tBWbUOAgcvL93OV9VPahyU+22LpRDWFs\nKlvNKpKp/QJASTiepl7RIbpws1DOhc0g7Wu7j8OaquQO6kkHqrmnSRvIxQF50a3S\ntzZuw8BPBezkuVoMPWm94WC25r9hcLcFPV/dC3aJsCNO7YFs5Z/3gJoPdkL6wnFq\ny43pMD8vp6b8qIcNadijxA/60VBskCbfG242bhW8HRLsxTAkS3zR1CfZCkEQ25xP\nfoe12fv9qEOzBIVxHadxEgVgs23R5Ua722yOYpGuZMHdhcjdBt5NBz/G9Ciray0i\n4G3fr70Y2zKk/76JtIfUGXYqx1TJc0LZmtFPKeOjyYgFGWVF0qzsjMb8I0gjmNlm\n1dAyCBROaRhGpw+YVl/kTwJARu5BFxwlYzbGVsNFsE+EVjhHQHmQiN4e3jvg/aQD\ncR8LUjX+U7p6/2JDZY/YzU3uccjxDTJDwrjNsxqksHYyE/Gu8c8tZdZ07sd93Rw3\nnwkFwS0bFNE7pTyWK5mnt7kq/k2nEkA62CPegQvQDnKjkAS1hy4eMsQuu3C5imaU\nX2omLCiBdeWBAAABAGATx5bMwGu9v10nQWOAgyCT+VOq6EHo0sn+xUnHssGVLXPT\niycFUo8U+U56O83ef3taMJdQYjOz6hnElBSdB862e1JOUn87Q/Naf18z+rYDLo04\nO/1It9+7TeMjXdhmnrtwu1y6wN7RLtOw1FmBINA2RViU46kJx/PvW/xOvr1PUmLh\nSRS6eLP22m17qmE0Yvuq9VliKUsauiBIJSFHaWmayN4vr305qxwc77np+rnbtlpJ\nG1YOsdzHcEt9Fkfpd4YqaqfV9MoeIwvdJszLhm4sCGPx9J71NwJ4Wljf3gr96Y8a\nemcNElV2nQluYiQf/fB4e2fsg1eDUI9o47G79M4AAAEBAPZpbB9R9an6U2Vfd0Dn\nglLmBFnqA/MxwfTjm2EuE+r/NEeRxtADAWfCB7DJZW0id45jYwCIXj3IEKL3TBAW\nyhCjm1Et9a64zaW3ABG1Ud8zwOt2kzsj9kT7VXA5kMPAmxwYrnmleZ837CWHZFI3\nwvqt0D+SrWDoGQPYvOhx9kjSahGPQsWg1AtM9tLa1ch2E8QyPKUKeTcZhAGjQTag\nUPnL3wb5cie1J7zFQZdLgw6gL+0qLde5hrWrMSqY2FQe9zxVMMhep23YLjN68PBI\nQ/6aqMdYyPeA+NxvhxQFBu9QR/vnBJFLDuO9ZJpMsX6VFGxInJzCxRK3KEr/GhNs\nz+UAAAEBAMb2PJ5hFlRSlklqgaKrDEvN2Qi9bmeU4hjJiArZpEIyTHl7MTuje5Yu\nCsdBYvHppFxXgECzxZlk3kWhpxMyPOv/y+q0uoC0vfTr4bRQ1lW5PXuijyNpCfQ3\nrppmp6KsJzeCXuIZYKyOOXAYZfDakXO67Ov44bpEHt+lbJBnXFhLIe2lT6FTtuAm\nLpAHrueWOGgQe1us5ZHGwhatX6V72dvMDC+ElGAyWMH7R9Y2uj8uVuZ3tf+FlTVW\nWgjnbxAkojcYCUdlxdbn3AWFvGL1pUgKTjb/8lSysiSC2H5yuT6rxHmmrnk69Oag\n4T/Oy7ILBvNZEWKppas/JzZOh+a5RQ8AAAAAAQID\n-----END OPENSSH PRIVATE KEY-----\n",
            "private_key_pem": "-----BEGIN RSA PRIVATE KEY-----\nMIIJJwIBAAKCAgEAv4KNR0dYRkRbKJirIruUjSXtbR6uHZ/xvuVMmGbVu7HN3+Hp\nYbodkb0UgV/wYo7m9SbdizGoRJWkrhKt9smP3myVBOreZQ9WqRC58WB15p7p1EgJ\nsQC0O/iGytIOGm2k2YzxtgQQgpJczF6+lf7eJU24RUpNglCp0VxXBc/z/+eKNETo\nvZSlbJbO4z5lkXlO/8CMHuKPfu7849AY6XdWkm7KrOK5oTb+oLSiKDi7eeCS42BV\ni2szYFzxh1psPK2lwsUP8y8kD8pXmzXvgC5cK4Q/8eh02FgNTid+UV+/PuF3XyZ1\nwlFC0Q4sef3ChehYoSAUxicXs32+Vju/nZL3Tn9I2JqLY2oOcFYf741CW5eleG2A\nMMFlqu5XMArwSgSUskQgwCHq4IipqFNMvKQwKftB8DzZi8EMv3FFw2f1OvwoVOsu\nd/paIPIkR4XibHnJxs7pMq0As+I4d90huupw1vxf3ZDm3s5KEYRlznJzM6Uz1pRN\nr7IFdOWDMjtwrX19e2FzEx/gYdR7gNi9P8dNzdvidmvcR6cmb8nOsmXHJSNdDKc6\nU1RgrP1US11WRvHeOozZAF9ElGDoz67SJ7eDmCLMmyTW3eUTs1z3K8e5iurCE6cK\nvRw3Fwmv/o+jhd6ZG2MT/18Wx/VpTWT7Z+fBiH6zLeQgITuhfXot8HHl52sCAwEA\nAQKCAgAVLgsR5wIMQ2MRilDi9nvnYFpxxwLao+XIhvOBp13b9D4glIuLE1pR0+eA\np2uees9wLWwzCLrjWulrlwVGVeRjZP7WHGOcKaYb7I2j9FcVul2B7LWlrb5BI6tE\noxaMNbQVm1DgIHLy/dzlfVT2oclPtti6UQ1hbCpbzSqSqf0CQEk4nqZe0SG6cLNQ\nzoXNIO1ru4/DmqrkDupJB6q5p0kbyMUBedGt0rc2bsPATwXs5LlaDD1pveFgtua/\nYXC3BT1f3Qt2ibAjTu2BbOWf94CaD3ZC+sJxasuN6TA/L6em/KiHDWnYo8QP+tFQ\nbJAm3xtuNm4VvB0S7MUwJEt80dQn2QpBENucT36Htdn7/ahDswSFcR2ncRIFYLNt\n0eVGu9tsjmKRrmTB3YXI3QbeTQc/xvQoq2stIuBt36+9GNsypP++ibSH1Bl2KsdU\nyXNC2ZrRTynjo8mIBRllRdKs7IzG/CNII5jZZtXQMggUTmkYRqcPmFZf5E8CQEbu\nQRccJWM2xlbDRbBPhFY4R0B5kIjeHt474P2kA3EfC1I1/lO6ev9iQ2WP2M1N7nHI\n8Q0yQ8K4zbMapLB2MhPxrvHPLWXWdO7Hfd0cN58JBcEtGxTRO6U8liuZp7e5Kv5N\npxJAOtgj3oEL0A5yo5AEtYcuHjLELrtwuYpmlF9qJiwogXXlgQKCAQEA9mlsH1H1\nqfpTZV93QOeCUuYEWeoD8zHB9OObYS4T6v80R5HG0AMBZ8IHsMllbSJ3jmNjAIhe\nPcgQovdMEBbKEKObUS31rrjNpbcAEbVR3zPA63aTOyP2RPtVcDmQw8CbHBiueaV5\nnzfsJYdkUjfC+q3QP5KtYOgZA9i86HH2SNJqEY9CxaDUC0z20trVyHYTxDI8pQp5\nNxmEAaNBNqBQ+cvfBvlyJ7UnvMVBl0uDDqAv7Sot17mGtasxKpjYVB73PFUwyF6n\nbdguM3rw8EhD/pqox1jI94D43G+HFAUG71BH++cEkUsO471kmkyxfpUUbEicnMLF\nErcoSv8aE2zP5QKCAQEAxvY8nmEWVFKWSWqBoqsMS83ZCL1uZ5TiGMmICtmkQjJM\neXsxO6N7li4Kx0Fi8emkXFeAQLPFmWTeRaGnEzI86//L6rS6gLS99OvhtFDWVbk9\ne6KPI2kJ9DeummanoqwnN4Je4hlgrI45cBhl8NqRc7rs6/jhukQe36VskGdcWEsh\n7aVPoVO24CYukAeu55Y4aBB7W6zlkcbCFq1fpXvZ28wML4SUYDJYwftH1ja6Py5W\n5ne1/4WVNVZaCOdvECSiNxgJR2XF1ufcBYW8YvWlSApONv/yVLKyJILYfnK5PqvE\neaaueTr05qDhP87LsgsG81kRYqmlqz8nNk6H5rlFDwKCAQBm9fXvwFdeBvMB0LoL\nrLCP4vy+dUHhRFE++jvah15bOvelUAw6robPzAtam0x+JYC/Rlf/yPtX5VjOP3bQ\n4jTcbwBfE00tDJshOy4UOCdVlFJwEMPEWmp0uHAizGro4Hnva4C746DGHp/VrpUE\npbga9rWlWqyHaXPKX63Pko7OLt2TKMFFwsXXUvlvcXESqgPoXvVoINA1bbvy0zxU\njvhG6CDw0RoZ7WAFSIb3qN3CJrzf5FfzY9od3sJUgjkiLS4xT4dqseJTy5jCegRi\n4k9G+2i6oyaWBJX3xcIzY0ZaiLkLUKRf8XTvRBvdPV6M/c3i0RRfjCK8hzuW2rES\nnMzhAoIBAG66MUhPbfbls4AORzE5knFJkWTcz+nToPT8i7rGHzU7+vWMyvyO4kPV\nQehcim1pgzBk/hqEMg9JZK5J5cq4JdGNnXX0uOrSK/l3oTgR2QcCPaZl9NVXKtQA\nfSquwNK2jmjFJHsedn/x8yNgYLNnYJWQzTQSYcWhDbGXxdCjxW/Z+HriimuVRGyA\ns18y93MpViEMMyr1ERpNDE1ElbtqLve1Gn8DgPP8cQscBoHAGWz6JCDFNMONG1oA\nwcC81EGesayJsvhKOo18oiVspUhJv39VROw1Cy9598x8CXJt9IxdWc3+JpGPbyY/\nGLzDIPfoTSj3Q8at9WZVkkQV9mpAZ58CggEAYBPHlszAa72/XSdBY4CDIJP5U6ro\nQejSyf7FSceywZUtc9OLJwVSjxT5Tno7zd5/e1owl1BiM7PqGcSUFJ0HzrZ7Uk5S\nfztD81p/XzP6tgMujTg7/Ui337tN4yNd2Gaeu3C7XLrA3tEu07DUWYEg0DZFWJTj\nqQnH8+9b/E6+vU9SYuFJFLp4s/babXuqYTRi+6r1WWIpSxq6IEglIUdpaZrI3i+v\nfTmrHBzvuen6udu2WkkbVg6x3MdwS30WR+l3hipqp9X0yh4jC90mzMuGbiwIY/H0\nnvU3AnhaWN/eCv3pjxp6Zw0SVXadCW5iJB/98Hh7Z+yDV4NQj2jjsbv0zg==\n-----END RSA PRIVATE KEY-----\n",
            "private_key_pem_pkcs8": "-----BEGIN PRIVATE KEY-----\nMIIJQQIBADANBgkqhkiG9w0BAQEFAASCCSswggknAgEAAoICAQC/go1HR1hGRFso\nmKsiu5SNJe1tHq4dn/G+5UyYZtW7sc3f4elhuh2RvRSBX/Bijub1Jt2LMahElaSu\nEq32yY/ebJUE6t5lD1apELnxYHXmnunUSAmxALQ7+IbK0g4abaTZjPG2BBCCklzM\nXr6V/t4lTbhFSk2CUKnRXFcFz/P/54o0ROi9lKVsls7jPmWReU7/wIwe4o9+7vzj\n0Bjpd1aSbsqs4rmhNv6gtKIoOLt54JLjYFWLazNgXPGHWmw8raXCxQ/zLyQPyleb\nNe+ALlwrhD/x6HTYWA1OJ35RX78+4XdfJnXCUULRDix5/cKF6FihIBTGJxezfb5W\nO7+dkvdOf0jYmotjag5wVh/vjUJbl6V4bYAwwWWq7lcwCvBKBJSyRCDAIergiKmo\nU0y8pDAp+0HwPNmLwQy/cUXDZ/U6/ChU6y53+log8iRHheJsecnGzukyrQCz4jh3\n3SG66nDW/F/dkObezkoRhGXOcnMzpTPWlE2vsgV05YMyO3CtfX17YXMTH+Bh1HuA\n2L0/x03N2+J2a9xHpyZvyc6yZcclI10MpzpTVGCs/VRLXVZG8d46jNkAX0SUYOjP\nrtInt4OYIsybJNbd5ROzXPcrx7mK6sITpwq9HDcXCa/+j6OF3pkbYxP/XxbH9WlN\nZPtn58GIfrMt5CAhO6F9ei3wceXnawIDAQABAoICABUuCxHnAgxDYxGKUOL2e+dg\nWnHHAtqj5ciG84GnXdv0PiCUi4sTWlHT54Cna556z3AtbDMIuuNa6WuXBUZV5GNk\n/tYcY5wpphvsjaP0VxW6XYHstaWtvkEjq0SjFow1tBWbUOAgcvL93OV9VPahyU+2\n2LpRDWFsKlvNKpKp/QJASTiepl7RIbpws1DOhc0g7Wu7j8OaquQO6kkHqrmnSRvI\nxQF50a3StzZuw8BPBezkuVoMPWm94WC25r9hcLcFPV/dC3aJsCNO7YFs5Z/3gJoP\ndkL6wnFqy43pMD8vp6b8qIcNadijxA/60VBskCbfG242bhW8HRLsxTAkS3zR1CfZ\nCkEQ25xPfoe12fv9qEOzBIVxHadxEgVgs23R5Ua722yOYpGuZMHdhcjdBt5NBz/G\n9Ciray0i4G3fr70Y2zKk/76JtIfUGXYqx1TJc0LZmtFPKeOjyYgFGWVF0qzsjMb8\nI0gjmNlm1dAyCBROaRhGpw+YVl/kTwJARu5BFxwlYzbGVsNFsE+EVjhHQHmQiN4e\n3jvg/aQDcR8LUjX+U7p6/2JDZY/YzU3uccjxDTJDwrjNsxqksHYyE/Gu8c8tZdZ0\n7sd93Rw3nwkFwS0bFNE7pTyWK5mnt7kq/k2nEkA62CPegQvQDnKjkAS1hy4eMsQu\nu3C5imaUX2omLCiBdeWBAoIBAQD2aWwfUfWp+lNlX3dA54JS5gRZ6gPzMcH045th\nLhPq/zRHkcbQAwFnwgewyWVtIneOY2MAiF49yBCi90wQFsoQo5tRLfWuuM2ltwAR\ntVHfM8DrdpM7I/ZE+1VwOZDDwJscGK55pXmfN+wlh2RSN8L6rdA/kq1g6BkD2Lzo\ncfZI0moRj0LFoNQLTPbS2tXIdhPEMjylCnk3GYQBo0E2oFD5y98G+XIntSe8xUGX\nS4MOoC/tKi3XuYa1qzEqmNhUHvc8VTDIXqdt2C4zevDwSEP+mqjHWMj3gPjcb4cU\nBQbvUEf75wSRSw7jvWSaTLF+lRRsSJycwsUStyhK/xoTbM/lAoIBAQDG9jyeYRZU\nUpZJaoGiqwxLzdkIvW5nlOIYyYgK2aRCMkx5ezE7o3uWLgrHQWLx6aRcV4BAs8WZ\nZN5FoacTMjzr/8vqtLqAtL306+G0UNZVuT17oo8jaQn0N66aZqeirCc3gl7iGWCs\njjlwGGXw2pFzuuzr+OG6RB7fpWyQZ1xYSyHtpU+hU7bgJi6QB67nljhoEHtbrOWR\nxsIWrV+le9nbzAwvhJRgMljB+0fWNro/Llbmd7X/hZU1VloI528QJKI3GAlHZcXW\n59wFhbxi9aVICk42//JUsrIkgth+crk+q8R5pq55OvTmoOE/zsuyCwbzWRFiqaWr\nPyc2TofmuUUPAoIBAGb19e/AV14G8wHQugussI/i/L51QeFEUT76O9qHXls696VQ\nDDquhs/MC1qbTH4lgL9GV//I+1flWM4/dtDiNNxvAF8TTS0MmyE7LhQ4J1WUUnAQ\nw8RaanS4cCLMaujgee9rgLvjoMYen9WulQSluBr2taVarIdpc8pfrc+Sjs4u3ZMo\nwUXCxddS+W9xcRKqA+he9Wgg0DVtu/LTPFSO+EboIPDRGhntYAVIhveo3cImvN/k\nV/Nj2h3ewlSCOSItLjFPh2qx4lPLmMJ6BGLiT0b7aLqjJpYElffFwjNjRlqIuQtQ\npF/xdO9EG909Xoz9zeLRFF+MIryHO5basRKczOECggEAbroxSE9t9uWzgA5HMTmS\ncUmRZNzP6dOg9PyLusYfNTv69YzK/I7iQ9VB6FyKbWmDMGT+GoQyD0lkrknlyrgl\n0Y2ddfS46tIr+XehOBHZBwI9pmX01Vcq1AB9Kq7A0raOaMUkex52f/HzI2Bgs2dg\nlZDNNBJhxaENsZfF0KPFb9n4euKKa5VEbICzXzL3cylWIQwzKvURGk0MTUSVu2ou\n97UafwOA8/xxCxwGgcAZbPokIMU0w40bWgDBwLzUQZ6xrImy+Eo6jXyiJWylSEm/\nf1VE7DULL3n3zHwJcm30jF1Zzf4mkY9vJj8YvMMg9+hNKPdDxq31ZlWSRBX2akBn\nnwKCAQBgE8eWzMBrvb9dJ0FjgIMgk/lTquhB6NLJ/sVJx7LBlS1z04snBVKPFPlO\nejvN3n97WjCXUGIzs+oZxJQUnQfOtntSTlJ/O0PzWn9fM/q2Ay6NODv9SLffu03j\nI13YZp67cLtcusDe0S7TsNRZgSDQNkVYlOOpCcfz71v8Tr69T1Ji4UkUuniz9tpt\ne6phNGL7qvVZYilLGrogSCUhR2lpmsjeL699OascHO+56fq527ZaSRtWDrHcx3BL\nfRZH6XeGKmqn1fTKHiML3SbMy4ZuLAhj8fSe9TcCeFpY394K/emPGnpnDRJVdp0J\nbmIkH/3weHtn7INXg1CPaOOxu/TO\n-----END PRIVATE KEY-----\n",
            "public_key_fingerprint_md5": "4c:bd:45:b7:c5:25:a2:2d:f3:ad:3a:ec:a1:f9:37:e7",
            "public_key_fingerprint_sha256": "SHA256:SUFE5cHv9tdOOALohBAyWMFpUsSo1nXzuZ/YRmjYplY",
            "public_key_openssh": "ssh-rsa AAAAB3NzaC1yc2EAAAADAQABAAACAQC/go1HR1hGRFsomKsiu5SNJe1tHq4dn/G+5UyYZtW7sc3f4elhuh2RvRSBX/Bijub1Jt2LMahElaSuEq32yY/ebJUE6t5lD1apELnxYHXmnunUSAmxALQ7+IbK0g4abaTZjPG2BBCCklzMXr6V/t4lTbhFSk2CUKnRXFcFz/P/54o0ROi9lKVsls7jPmWReU7/wIwe4o9+7vzj0Bjpd1aSbsqs4rmhNv6gtKIoOLt54JLjYFWLazNgXPGHWmw8raXCxQ/zLyQPylebNe+ALlwrhD/x6HTYWA1OJ35RX78+4XdfJnXCUULRDix5/cKF6FihIBTGJxezfb5WO7+dkvdOf0jYmotjag5wVh/vjUJbl6V4bYAwwWWq7lcwCvBKBJSyRCDAIergiKmoU0y8pDAp+0HwPNmLwQy/cUXDZ/U6/ChU6y53+log8iRHheJsecnGzukyrQCz4jh33SG66nDW/F/dkObezkoRhGXOcnMzpTPWlE2vsgV05YMyO3CtfX17YXMTH+Bh1HuA2L0/x03N2+J2a9xHpyZvyc6yZcclI10MpzpTVGCs/VRLXVZG8d46jNkAX0SUYOjPrtInt4OYIsybJNbd5ROzXPcrx7mK6sITpwq9HDcXCa/+j6OF3pkbYxP/XxbH9WlNZPtn58GIfrMt5CAhO6F9ei3wceXnaw==\n",
            "public_key_pem": "-----BEGIN PUBLIC KEY-----\nMIICIjANBgkqhkiG9w0BAQEFAAOCAg8AMIICCgKCAgEAv4KNR0dYRkRbKJirIruU\njSXtbR6uHZ/xvuVMmGbVu7HN3+HpYbodkb0UgV/wYo7m9SbdizGoRJWkrhKt9smP\n3myVBOreZQ9WqRC58WB15p7p1EgJsQC0O/iGytIOGm2k2YzxtgQQgpJczF6+lf7e\nJU24RUpNglCp0VxXBc/z/+eKNETovZSlbJbO4z5lkXlO/8CMHuKPfu7849AY6XdW\nkm7KrOK5oTb+oLSiKDi7eeCS42BVi2szYFzxh1psPK2lwsUP8y8kD8pXmzXvgC5c\nK4Q/8eh02FgNTid+UV+/PuF3XyZ1wlFC0Q4sef3ChehYoSAUxicXs32+Vju/nZL3\nTn9I2JqLY2oOcFYf741CW5eleG2AMMFlqu5XMArwSgSUskQgwCHq4IipqFNMvKQw\nKftB8DzZi8EMv3FFw2f1OvwoVOsud/paIPIkR4XibHnJxs7pMq0As+I4d90huupw\n1vxf3ZDm3s5KEYRlznJzM6Uz1pRNr7IFdOWDMjtwrX19e2FzEx/gYdR7gNi9P8dN\nzdvidmvcR6cmb8nOsmXHJSNdDKc6U1RgrP1US11WRvHeOozZAF9ElGDoz67SJ7eD\nmCLMmyTW3eUTs1z3K8e5iurCE6cKvRw3Fwmv/o+jhd6ZG2MT/18Wx/VpTWT7Z+fB\niH6zLeQgITuhfXot8HHl52sCAwEAAQ==\n-----END PUBLIC KEY-----\n",
            "rsa_bits": 4096
          },
          "sensitive_attributes": []
        }
      ]
    }
  ],
  "check_results": null
}
